
Microsoft Visual Studio Solution File, Format Version 12.00
# Visual Studio Version 17
VisualStudioVersion = 17.1.32328.378
MinimumVisualStudioVersion = 10.0.40219.1
Project("{FAE04EC0-301F-11D3-BF4B-00C04F79EFBC}") = "Final.Test.Task.N7", "Final.Test.Task.N7\Final.Test.Task.N7.csproj", "{7A39F3D9-27C3-4796-A891-9DB538034710}"
EndProject
Global
	GlobalSection(SolutionConfigurationPlatforms) = preSolution
		Debug|Any CPU = Debug|Any CPU
		Release|Any CPU = Release|Any CPU
	EndGlobalSection
	GlobalSection(ProjectConfigurationPlatforms) = postSolution
		{7A39F3D9-27C3-4796-A891-9DB538034710}.Debug|Any CPU.ActiveCfg = Debug|Any CPU
		{7A39F3D9-27C3-4796-A891-9DB538034710}.Debug|Any CPU.Build.0 = Debug|Any CPU
		{7A39F3D9-27C3-4796-A891-9DB538034710}.Release|Any CPU.ActiveCfg = Release|Any CPU
		{7A39F3D9-27C3-4796-A891-9DB538034710}.Release|Any CPU.Build.0 = Release|Any CPU
	EndGlobalSection
	GlobalSection(SolutionProperties) = preSolution
		HideSolutionNode = FALSE
	EndGlobalSection
	GlobalSection(ExtensibilityGlobals) = postSolution
		SolutionGuid = {5E200DFD-6EAC-4EFB-82A7-975B18468862}
	EndGlobalSection
EndGlobal
